
Microsoft Visual Studio Solution File, Format Version 12.00
# Visual Studio Version 17
VisualStudioVersion = 17.10.35122.118
MinimumVisualStudioVersion = 10.0.40219.1
Project("{FAE04EC0-301F-11D3-BF4B-00C04F79EFBC}") = "ApiGateway", "ApiGateway\ApiGateway.csproj", "{CF57ADBA-4AFD-408E-9598-7A406732A63B}"
EndProject
Project("{2150E333-8FDC-42A3-9474-1A3956D46DE8}") = "Элементы решения", "Элементы решения", "{5166D464-7742-49A4-BD55-6C034B16161E}"
	ProjectSection(SolutionItems) = preProject
		.gitignore = .gitignore
	EndProjectSection
EndProject
Global
	GlobalSection(SolutionConfigurationPlatforms) = preSolution
		Debug|Any CPU = Debug|Any CPU
		Release|Any CPU = Release|Any CPU
	EndGlobalSection
	GlobalSection(ProjectConfigurationPlatforms) = postSolution
		{CF57ADBA-4AFD-408E-9598-7A406732A63B}.Debug|Any CPU.ActiveCfg = Debug|Any CPU
		{CF57ADBA-4AFD-408E-9598-7A406732A63B}.Debug|Any CPU.Build.0 = Debug|Any CPU
		{CF57ADBA-4AFD-408E-9598-7A406732A63B}.Release|Any CPU.ActiveCfg = Release|Any CPU
		{CF57ADBA-4AFD-408E-9598-7A406732A63B}.Release|Any CPU.Build.0 = Release|Any CPU
	EndGlobalSection
	GlobalSection(SolutionProperties) = preSolution
		HideSolutionNode = FALSE
	EndGlobalSection
	GlobalSection(ExtensibilityGlobals) = postSolution
		SolutionGuid = {6A974DCC-8D3C-4412-8B99-C1C9D91DBBF6}
	EndGlobalSection
EndGlobal
